
Microsoft Visual Studio Solution File, Format Version 12.00
# Visual Studio Version 17
VisualStudioVersion = 17.4.33110.190
MinimumVisualStudioVersion = 10.0.40219.1
Project("{9A19103F-16F7-4668-BE54-9A1E7A4F7556}") = "UMLPainter", "UMLPainter\UMLPainter.csproj", "{0734BA1A-11B3-48BA-B703-9D85F945D6B9}"
EndProject
Project("{FAE04EC0-301F-11D3-BF4B-00C04F79EFBC}") = "UMLPainter.Test", "UMLPainter.Test\UMLPainter.Test.csproj", "{4593E3AA-0EAE-4DD5-B488-B789D6BEB1C7}"
EndProject
Global
	GlobalSection(SolutionConfigurationPlatforms) = preSolution
		Debug|Any CPU = Debug|Any CPU
		Release|Any CPU = Release|Any CPU
	EndGlobalSection
	GlobalSection(ProjectConfigurationPlatforms) = postSolution
		{0734BA1A-11B3-48BA-B703-9D85F945D6B9}.Debug|Any CPU.ActiveCfg = Debug|Any CPU
		{0734BA1A-11B3-48BA-B703-9D85F945D6B9}.Debug|Any CPU.Build.0 = Debug|Any CPU
		{0734BA1A-11B3-48BA-B703-9D85F945D6B9}.Release|Any CPU.ActiveCfg = Release|Any CPU
		{0734BA1A-11B3-48BA-B703-9D85F945D6B9}.Release|Any CPU.Build.0 = Release|Any CPU
		{4593E3AA-0EAE-4DD5-B488-B789D6BEB1C7}.Debug|Any CPU.ActiveCfg = Debug|Any CPU
		{4593E3AA-0EAE-4DD5-B488-B789D6BEB1C7}.Debug|Any CPU.Build.0 = Debug|Any CPU
		{4593E3AA-0EAE-4DD5-B488-B789D6BEB1C7}.Release|Any CPU.ActiveCfg = Release|Any CPU
		{4593E3AA-0EAE-4DD5-B488-B789D6BEB1C7}.Release|Any CPU.Build.0 = Release|Any CPU
	EndGlobalSection
	GlobalSection(SolutionProperties) = preSolution
		HideSolutionNode = FALSE
	EndGlobalSection
	GlobalSection(ExtensibilityGlobals) = postSolution
		SolutionGuid = {FF2141F4-B740-4D84-BA32-A720D9C546BE}
	EndGlobalSection
EndGlobal
